
Microsoft Visual Studio Solution File, Format Version 12.00
# Visual Studio 15
VisualStudioVersion = 15.0.28307.572
MinimumVisualStudioVersion = 10.0.40219.1
Project("{FAE04EC0-301F-11D3-BF4B-00C04F79EFBC}") = "Goober.EntityFramework", "Goober.EntityFramework\Goober.EntityFramework.csproj", "{64253718-BE29-4D54-89C1-56CE928D9C93}"
EndProject
Global
	GlobalSection(SolutionConfigurationPlatforms) = preSolution
		Debug|Any CPU = Debug|Any CPU
		Release|Any CPU = Release|Any CPU
	EndGlobalSection
	GlobalSection(ProjectConfigurationPlatforms) = postSolution
		{64253718-BE29-4D54-89C1-56CE928D9C93}.Debug|Any CPU.ActiveCfg = Debug|Any CPU
		{64253718-BE29-4D54-89C1-56CE928D9C93}.Debug|Any CPU.Build.0 = Debug|Any CPU
		{64253718-BE29-4D54-89C1-56CE928D9C93}.Release|Any CPU.ActiveCfg = Release|Any CPU
		{64253718-BE29-4D54-89C1-56CE928D9C93}.Release|Any CPU.Build.0 = Release|Any CPU
	EndGlobalSection
	GlobalSection(SolutionProperties) = preSolution
		HideSolutionNode = FALSE
	EndGlobalSection
	GlobalSection(ExtensibilityGlobals) = postSolution
		SolutionGuid = {69CD73F8-E07B-4794-B9D1-498FC08F90CC}
	EndGlobalSection
EndGlobal
